{
  "name": "csgo-protobuf",
  "version": "1.0.4",
  "lockfileVersion": 2,
  "requires": true,
  "packages": {
    "": {
      "name": "csgo-protobuf",
      "version": "1.0.4",
      "license": "GPL-2.0",
      "dependencies": {
        "@protobuf-ts/plugin": "2.0.7"
      },
      "devDependencies": {
        "typescript": "4.4.4"
      }
    },
    "node_modules/@protobuf-ts/plugin": {
      "version": "2.0.7",
      "resolved": "https://registry.npmjs.org/@protobuf-ts/plugin/-/plugin-2.0.7.tgz",
      "integrity": "sha512-gQQryonFATSDB9GL0+qxFKljEq9db4gVHP+XP7rNLbSMXRZ4/NOqqCcZqDsQYfhjEehkjP51//oD7Yk3YcLzlA==",
      "dependencies": {
        "@protobuf-ts/plugin-framework": "^2.0.7",
        "@protobuf-ts/protoc": "^2.0.7",
        "@protobuf-ts/runtime": "^2.0.7",
        "@protobuf-ts/runtime-rpc": "^2.0.7",
        "typescript": "^3.9"
      },
      "bin": {
        "protoc-gen-dump": "bin/protoc-gen-dump",
        "protoc-gen-ts": "bin/protoc-gen-ts"
      }
    },
    "node_modules/@protobuf-ts/plugin-framework": {
      "version": "2.0.7",
      "resolved": "https://registry.npmjs.org/@protobuf-ts/plugin-framework/-/plugin-framework-2.0.7.tgz",
      "integrity": "sha512-UjHuXj7M0af4OdGK5N5jSukILPGN0kIy9DfLMA42QFZsOv92rEtTSJumM0KGWL6t0ZClDd9i0eQdzYXfcGB8/A==",
      "dependencies": {
        "@protobuf-ts/runtime": "^2.0.7",
        "typescript": "^3.9"
      }
    },
    "node_modules/@protobuf-ts/plugin-framework/node_modules/typescript": {
      "version": "3.9.10",
      "resolved": "https://registry.npmjs.org/typescript/-/typescript-3.9.10.tgz",
      "integrity": "sha512-w6fIxVE/H1PkLKcCPsFqKE7Kv7QUwhU8qQY2MueZXWx5cPZdwFupLgKK3vntcK98BtNHZtAF4LA/yl2a7k8R6Q==",
      "bin": {
        "tsc": "bin/tsc",
        "tsserver": "bin/tsserver"
      },
      "engines": {
        "node": ">=4.2.0"
      }
    },
    "node_modules/@protobuf-ts/plugin/node_modules/typescript": {
      "version": "3.9.10",
      "resolved": "https://registry.npmjs.org/typescript/-/typescript-3.9.10.tgz",
      "integrity": "sha512-w6fIxVE/H1PkLKcCPsFqKE7Kv7QUwhU8qQY2MueZXWx5cPZdwFupLgKK3vntcK98BtNHZtAF4LA/yl2a7k8R6Q==",
      "bin": {
        "tsc": "bin/tsc",
        "tsserver": "bin/tsserver"
      },
      "engines": {
        "node": ">=4.2.0"
      }
    },
    "node_modules/@protobuf-ts/protoc": {
      "version": "2.0.7",
      "resolved": "https://registry.npmjs.org/@protobuf-ts/protoc/-/protoc-2.0.7.tgz",
      "integrity": "sha512-bZSAAPv4GaPRomKXgcy/rkJzquzltPt9FAziwPvi1cl5Q0bO1kKoLIM/yIt0pcYtQhDLvz+JZAXt9g+AVEPxbQ==",
      "bin": {
        "protoc": "protoc.js"
      }
    },
    "node_modules/@protobuf-ts/runtime": {
      "version": "2.0.7",
      "resolved": "https://registry.npmjs.org/@protobuf-ts/runtime/-/runtime-2.0.7.tgz",
      "integrity": "sha512-jT8FYEX7NkAzxZXVjshIhtCV/ReuZm/3sCH0GWnaa8woy9VG+He0N+dpj2svaJbkdUThSxJE3zwmJcH0/3vEsw=="
    },
    "node_modules/@protobuf-ts/runtime-rpc": {
      "version": "2.0.7",
      "resolved": "https://registry.npmjs.org/@protobuf-ts/runtime-rpc/-/runtime-rpc-2.0.7.tgz",
      "integrity": "sha512-AHBk8kKeZI5QV8EYxxpozNbu4goH3Nh3F43Nlw9ttl4KPilCJlNlGZBnxEG/Je7+/T703DfGNbXaVCb7QZ6TXw==",
      "dependencies": {
        "@protobuf-ts/runtime": "^2.0.7"
      }
    },
    "node_modules/typescript": {
      "version": "4.4.4",
      "resolved": "https://registry.npmjs.org/typescript/-/typescript-4.4.4.tgz",
      "integrity": "sha512-DqGhF5IKoBl8WNf8C1gu8q0xZSInh9j1kJJMqT3a94w1JzVaBU4EXOSMrz9yDqMT0xt3selp83fuFMQ0uzv6qA==",
      "dev": true,
      "bin": {
        "tsc": "bin/tsc",
        "tsserver": "bin/tsserver"
      },
      "engines": {
        "node": ">=4.2.0"
      }
    }
  },
  "dependencies": {
    "@protobuf-ts/plugin": {
      "version": "2.0.7",
      "resolved": "https://registry.npmjs.org/@protobuf-ts/plugin/-/plugin-2.0.7.tgz",
      "integrity": "sha512-gQQryonFATSDB9GL0+qxFKljEq9db4gVHP+XP7rNLbSMXRZ4/NOqqCcZqDsQYfhjEehkjP51//oD7Yk3YcLzlA==",
      "requires": {
        "@protobuf-ts/plugin-framework": "^2.0.7",
        "@protobuf-ts/protoc": "^2.0.7",
        "@protobuf-ts/runtime": "^2.0.7",
        "@protobuf-ts/runtime-rpc": "^2.0.7",
        "typescript": "^3.9"
      },
      "dependencies": {
        "typescript": {
          "version": "3.9.10",
          "resolved": "https://registry.npmjs.org/typescript/-/typescript-3.9.10.tgz",
          "integrity": "sha512-w6fIxVE/H1PkLKcCPsFqKE7Kv7QUwhU8qQY2MueZXWx5cPZdwFupLgKK3vntcK98BtNHZtAF4LA/yl2a7k8R6Q=="
        }
      }
    },
    "@protobuf-ts/plugin-framework": {
      "version": "2.0.7",
      "resolved": "https://registry.npmjs.org/@protobuf-ts/plugin-framework/-/plugin-framework-2.0.7.tgz",
      "integrity": "sha512-UjHuXj7M0af4OdGK5N5jSukILPGN0kIy9DfLMA42QFZsOv92rEtTSJumM0KGWL6t0ZClDd9i0eQdzYXfcGB8/A==",
      "requires": {
        "@protobuf-ts/runtime": "^2.0.7",
        "typescript": "^3.9"
      },
      "dependencies": {
        "typescript": {
          "version": "3.9.10",
          "resolved": "https://registry.npmjs.org/typescript/-/typescript-3.9.10.tgz",
          "integrity": "sha512-w6fIxVE/H1PkLKcCPsFqKE7Kv7QUwhU8qQY2MueZXWx5cPZdwFupLgKK3vntcK98BtNHZtAF4LA/yl2a7k8R6Q=="
        }
      }
    },
    "@protobuf-ts/protoc": {
      "version": "2.0.7",
      "resolved": "https://registry.npmjs.org/@protobuf-ts/protoc/-/protoc-2.0.7.tgz",
      "integrity": "sha512-bZSAAPv4GaPRomKXgcy/rkJzquzltPt9FAziwPvi1cl5Q0bO1kKoLIM/yIt0pcYtQhDLvz+JZAXt9g+AVEPxbQ=="
    },
    "@protobuf-ts/runtime": {
      "version": "2.0.7",
      "resolved": "https://registry.npmjs.org/@protobuf-ts/runtime/-/runtime-2.0.7.tgz",
      "integrity": "sha512-jT8FYEX7NkAzxZXVjshIhtCV/ReuZm/3sCH0GWnaa8woy9VG+He0N+dpj2svaJbkdUThSxJE3zwmJcH0/3vEsw=="
    },
    "@protobuf-ts/runtime-rpc": {
      "version": "2.0.7",
      "resolved": "https://registry.npmjs.org/@protobuf-ts/runtime-rpc/-/runtime-rpc-2.0.7.tgz",
      "integrity": "sha512-AHBk8kKeZI5QV8EYxxpozNbu4goH3Nh3F43Nlw9ttl4KPilCJlNlGZBnxEG/Je7+/T703DfGNbXaVCb7QZ6TXw==",
      "requires": {
        "@protobuf-ts/runtime": "^2.0.7"
      }
    },
    "typescript": {
      "version": "4.4.4",
      "resolved": "https://registry.npmjs.org/typescript/-/typescript-4.4.4.tgz",
      "integrity": "sha512-DqGhF5IKoBl8WNf8C1gu8q0xZSInh9j1kJJMqT3a94w1JzVaBU4EXOSMrz9yDqMT0xt3selp83fuFMQ0uzv6qA==",
      "dev": true
    }
  }
}
