{
  "name": "csgo-protobuf",
  "version": "3.0.12",
  "lockfileVersion": 2,
  "requires": true,
  "packages": {
    "": {
      "name": "csgo-protobuf",
      "version": "3.0.12",
      "license": "MIT",
      "dependencies": {
        "@bufbuild/protobuf": "2.0.0"
      },
      "devDependencies": {
        "@bufbuild/protoc-gen-es": "2.0.0",
        "@protobuf-ts/protoc": "2.9.4",
        "typescript": "5.5.4"
      }
    },
    "node_modules/@bufbuild/protobuf": {
      "version": "2.0.0",
      "resolved": "https://registry.npmjs.org/@bufbuild/protobuf/-/protobuf-2.0.0.tgz",
      "integrity": "sha512-sw2JhwJyvyL0zlhG61aDzOVryEfJg2PDZFSV7i7IdC7nAE41WuXCru3QWLGiP87At0BMzKOoKO/FqEGoKygGZQ=="
    },
    "node_modules/@bufbuild/protoc-gen-es": {
      "version": "2.0.0",
      "resolved": "https://registry.npmjs.org/@bufbuild/protoc-gen-es/-/protoc-gen-es-2.0.0.tgz",
      "integrity": "sha512-xXDrDFjSD97jGu9RMA8O4Myj66DdCLOFeYG7Z0mX1aCE9hayymfor+BKgKCQouUfty6CYv8709FPYpEtDurLFQ==",
      "dev": true,
      "dependencies": {
        "@bufbuild/protobuf": "^2.0.0",
        "@bufbuild/protoplugin": "2.0.0"
      },
      "bin": {
        "protoc-gen-es": "bin/protoc-gen-es"
      },
      "engines": {
        "node": ">=14"
      },
      "peerDependencies": {
        "@bufbuild/protobuf": "2.0.0"
      },
      "peerDependenciesMeta": {
        "@bufbuild/protobuf": {
          "optional": true
        }
      }
    },
    "node_modules/@bufbuild/protoplugin": {
      "version": "2.0.0",
      "resolved": "https://registry.npmjs.org/@bufbuild/protoplugin/-/protoplugin-2.0.0.tgz",
      "integrity": "sha512-y77IarGNbJfr5YZHQ+biO0O9B8rXicKLLOFRJu9mKr9LYE5/CLIKqonIBfkc/lggCK2YOtinjZJEYb39HymIog==",
      "dev": true,
      "dependencies": {
        "@bufbuild/protobuf": "2.0.0",
        "@typescript/vfs": "^1.5.2",
        "typescript": "5.4.5"
      }
    },
    "node_modules/@bufbuild/protoplugin/node_modules/typescript": {
      "version": "5.4.5",
      "resolved": "https://registry.npmjs.org/typescript/-/typescript-5.4.5.tgz",
      "integrity": "sha512-vcI4UpRgg81oIRUFwR0WSIHKt11nJ7SAVlYNIu+QpqeyXP+gpQJy/Z4+F0aGxSE4MqwjyXvW/TzgkLAx2AGHwQ==",
      "dev": true,
      "bin": {
        "tsc": "bin/tsc",
        "tsserver": "bin/tsserver"
      },
      "engines": {
        "node": ">=14.17"
      }
    },
    "node_modules/@protobuf-ts/protoc": {
      "version": "2.9.4",
      "resolved": "https://registry.npmjs.org/@protobuf-ts/protoc/-/protoc-2.9.4.tgz",
      "integrity": "sha512-hQX+nOhFtrA+YdAXsXEDrLoGJqXHpgv4+BueYF0S9hy/Jq0VRTVlJS1Etmf4qlMt/WdigEes5LOd/LDzui4GIQ==",
      "dev": true,
      "bin": {
        "protoc": "protoc.js"
      }
    },
    "node_modules/@typescript/vfs": {
      "version": "1.6.0",
      "resolved": "https://registry.npmjs.org/@typescript/vfs/-/vfs-1.6.0.tgz",
      "integrity": "sha512-hvJUjNVeBMp77qPINuUvYXj4FyWeeMMKZkxEATEU3hqBAQ7qdTBCUFT7Sp0Zu0faeEtFf+ldXxMEDr/bk73ISg==",
      "dev": true,
      "dependencies": {
        "debug": "^4.1.1"
      },
      "peerDependencies": {
        "typescript": "*"
      }
    },
    "node_modules/debug": {
      "version": "4.3.6",
      "resolved": "https://registry.npmjs.org/debug/-/debug-4.3.6.tgz",
      "integrity": "sha512-O/09Bd4Z1fBrU4VzkhFqVgpPzaGbw6Sm9FEkBT1A/YBXQFGuuSxa1dN2nxgxS34JmKXqYx8CZAwEVoJFImUXIg==",
      "dev": true,
      "dependencies": {
        "ms": "2.1.2"
      },
      "engines": {
        "node": ">=6.0"
      },
      "peerDependenciesMeta": {
        "supports-color": {
          "optional": true
        }
      }
    },
    "node_modules/ms": {
      "version": "2.1.2",
      "resolved": "https://registry.npmjs.org/ms/-/ms-2.1.2.tgz",
      "integrity": "sha512-sGkPx+VjMtmA6MX27oA4FBFELFCZZ4S4XqeGOXCv68tT+jb3vk/RyaKWP0PTKyWtmLSM0b+adUTEvbs1PEaH2w==",
      "dev": true
    },
    "node_modules/typescript": {
      "version": "5.5.4",
      "resolved": "https://registry.npmjs.org/typescript/-/typescript-5.5.4.tgz",
      "integrity": "sha512-Mtq29sKDAEYP7aljRgtPOpTvOfbwRWlS6dPRzwjdE+C0R4brX/GUyhHSecbHMFLNBLcJIPt9nl9yG5TZ1weH+Q==",
      "dev": true,
      "bin": {
        "tsc": "bin/tsc",
        "tsserver": "bin/tsserver"
      },
      "engines": {
        "node": ">=14.17"
      }
    }
  },
  "dependencies": {
    "@bufbuild/protobuf": {
      "version": "2.0.0",
      "resolved": "https://registry.npmjs.org/@bufbuild/protobuf/-/protobuf-2.0.0.tgz",
      "integrity": "sha512-sw2JhwJyvyL0zlhG61aDzOVryEfJg2PDZFSV7i7IdC7nAE41WuXCru3QWLGiP87At0BMzKOoKO/FqEGoKygGZQ=="
    },
    "@bufbuild/protoc-gen-es": {
      "version": "2.0.0",
      "resolved": "https://registry.npmjs.org/@bufbuild/protoc-gen-es/-/protoc-gen-es-2.0.0.tgz",
      "integrity": "sha512-xXDrDFjSD97jGu9RMA8O4Myj66DdCLOFeYG7Z0mX1aCE9hayymfor+BKgKCQouUfty6CYv8709FPYpEtDurLFQ==",
      "dev": true,
      "requires": {
        "@bufbuild/protobuf": "^2.0.0",
        "@bufbuild/protoplugin": "2.0.0"
      }
    },
    "@bufbuild/protoplugin": {
      "version": "2.0.0",
      "resolved": "https://registry.npmjs.org/@bufbuild/protoplugin/-/protoplugin-2.0.0.tgz",
      "integrity": "sha512-y77IarGNbJfr5YZHQ+biO0O9B8rXicKLLOFRJu9mKr9LYE5/CLIKqonIBfkc/lggCK2YOtinjZJEYb39HymIog==",
      "dev": true,
      "requires": {
        "@bufbuild/protobuf": "2.0.0",
        "@typescript/vfs": "^1.5.2",
        "typescript": "5.4.5"
      },
      "dependencies": {
        "typescript": {
          "version": "5.4.5",
          "resolved": "https://registry.npmjs.org/typescript/-/typescript-5.4.5.tgz",
          "integrity": "sha512-vcI4UpRgg81oIRUFwR0WSIHKt11nJ7SAVlYNIu+QpqeyXP+gpQJy/Z4+F0aGxSE4MqwjyXvW/TzgkLAx2AGHwQ==",
          "dev": true
        }
      }
    },
    "@protobuf-ts/protoc": {
      "version": "2.9.4",
      "resolved": "https://registry.npmjs.org/@protobuf-ts/protoc/-/protoc-2.9.4.tgz",
      "integrity": "sha512-hQX+nOhFtrA+YdAXsXEDrLoGJqXHpgv4+BueYF0S9hy/Jq0VRTVlJS1Etmf4qlMt/WdigEes5LOd/LDzui4GIQ==",
      "dev": true
    },
    "@typescript/vfs": {
      "version": "1.6.0",
      "resolved": "https://registry.npmjs.org/@typescript/vfs/-/vfs-1.6.0.tgz",
      "integrity": "sha512-hvJUjNVeBMp77qPINuUvYXj4FyWeeMMKZkxEATEU3hqBAQ7qdTBCUFT7Sp0Zu0faeEtFf+ldXxMEDr/bk73ISg==",
      "dev": true,
      "requires": {
        "debug": "^4.1.1"
      }
    },
    "debug": {
      "version": "4.3.6",
      "resolved": "https://registry.npmjs.org/debug/-/debug-4.3.6.tgz",
      "integrity": "sha512-O/09Bd4Z1fBrU4VzkhFqVgpPzaGbw6Sm9FEkBT1A/YBXQFGuuSxa1dN2nxgxS34JmKXqYx8CZAwEVoJFImUXIg==",
      "dev": true,
      "requires": {
        "ms": "2.1.2"
      }
    },
    "ms": {
      "version": "2.1.2",
      "resolved": "https://registry.npmjs.org/ms/-/ms-2.1.2.tgz",
      "integrity": "sha512-sGkPx+VjMtmA6MX27oA4FBFELFCZZ4S4XqeGOXCv68tT+jb3vk/RyaKWP0PTKyWtmLSM0b+adUTEvbs1PEaH2w==",
      "dev": true
    },
    "typescript": {
      "version": "5.5.4",
      "resolved": "https://registry.npmjs.org/typescript/-/typescript-5.5.4.tgz",
      "integrity": "sha512-Mtq29sKDAEYP7aljRgtPOpTvOfbwRWlS6dPRzwjdE+C0R4brX/GUyhHSecbHMFLNBLcJIPt9nl9yG5TZ1weH+Q==",
      "dev": true
    }
  }
}
